<?xml version="1.0" encoding="utf-8"?>
<Project ToolsVersion="4.0" xmlns="http://schemas.microsoft.com/developer/msbuild/2003">
  <ItemGroup>
    <ClCompile Include="Crash01.cpp" />
    <ClCompile Include="WinInternals\LeakSamples.cpp" />
    <ClCompile Include="Source.cpp" />
    <ClCompile Include="ttd\ttd.cpp" />
    <ClCompile Include="WinInternals\WinInternals01.cpp" />
    <ClCompile Include="asan\Asan1.cpp" />
  </ItemGroup>
  <ItemGroup>
    <ClInclude Include="WindbgHot\Windows Debugging and Troubleshooting.txt" />
  </ItemGroup>
  <ItemGroup>
    <None Include="Readme.md" />
    <None Include="WinInternals\Windows Internals.txt" />
    <None Include="WindbgHot\HotLinks.md" />
    <None Include="WindbgHot\Registers.md" />
    <None Include="WindbgHot\Kernel101.md" />
    <None Include="ProcDump\ProdDump.md" />
  </ItemGroup>
  <ItemGroup>
    <Text Include="CommandTree.txt" />
    <Text Include="WindbgHot\ErrorCodes.txt" />
    <Text Include="Info1.txt" />
    <Text Include=".Net_N136_User Mode Crash Dumps Part 2.txt" />
    <Text Include="WindbgHot\Hot1.md" />
  </ItemGroup>
</Project>